version = 1
revision = 2
requires-python = ">=3.12"

[[package]]
name = "boto3"
version = "1.39.3"
source = { registry = "https://pypi.org/simple" }
dependencies = [
    { name = "botocore" },
    { name = "jmespath" },
    { name = "s3transfer" },
]
sdist = { url = "https://files.pythonhosted.org/packages/02/42/712a74bb86d06538c55067a35b8a82c57aa303eba95b2b1ee91c829288f4/boto3-1.39.3.tar.gz", hash = "sha256:0a367106497649ae3d8a7b571b8c3be01b7b935a0fe303d4cc2574ed03aecbb4", size = 111838, upload-time = "2025-07-03T19:26:00.988Z" }
wheels = [
    { url = "https://files.pythonhosted.org/packages/15/70/723d2ab259aeaed6c96e5c1857ebe7d474ed9aa8f487dea352c60f33798f/boto3-1.39.3-py3-none-any.whl", hash = "sha256:056cfa2440fe1a157a7c2be897c749c83e1a322144aa4dad889f2fca66571019", size = 139906, upload-time = "2025-07-03T19:25:58.803Z" },
]

[[package]]
name = "botocore"
version = "1.39.3"
source = { registry = "https://pypi.org/simple" }
dependencies = [
    { name = "jmespath" },
    { name = "python-dateutil" },
    { name = "urllib3" },
]
sdist = { url = "https://files.pythonhosted.org/packages/60/66/96e89cc261d75f0b8125436272c335c74d2a39df84504a0c3956adcd1301/botocore-1.39.3.tar.gz", hash = "sha256:da8f477e119f9f8a3aaa8b3c99d9c6856ed0a243680aa3a3fbbfc15a8d4093fb", size = 14132316, upload-time = "2025-07-03T19:25:49.502Z" }
wheels = [
    { url = "https://files.pythonhosted.org/packages/53/e4/3698dbb037a44d82a501577c6e3824c19f4289f4afbcadb06793866250d8/botocore-1.39.3-py3-none-any.whl", hash = "sha256:66a81cfac18ad5e9f47696c73fdf44cdbd8f8ca51ab3fca1effca0aabf61f02f", size = 13791724, upload-time = "2025-07-03T19:25:44.026Z" },
]

[[package]]
name = "jmespath"
version = "1.0.1"
source = { registry = "https://pypi.org/simple" }
sdist = { url = "https://files.pythonhosted.org/packages/00/2a/e867e8531cf3e36b41201936b7fa7ba7b5702dbef42922193f05c8976cd6/jmespath-1.0.1.tar.gz", hash = "sha256:90261b206d6defd58fdd5e85f478bf633a2901798906be2ad389150c5c60edbe", size = 25843, upload-time = "2022-06-17T18:00:12.224Z" }
wheels = [
    { url = "https://files.pythonhosted.org/packages/31/b4/b9b800c45527aadd64d5b442f9b932b00648617eb5d63d2c7a6587b7cafc/jmespath-1.0.1-py3-none-any.whl", hash = "sha256:02e2e4cc71b5bcab88332eebf907519190dd9e6e82107fa7f83b1003a6252980", size = 20256, upload-time = "2022-06-17T18:00:10.251Z" },
]

[[package]]
name = "python-dateutil"
version = "2.9.0.post0"
source = { registry = "https://pypi.org/simple" }
dependencies = [
    { name = "six" },
]
sdist = { url = "https://files.pythonhosted.org/packages/66/c0/0c8b6ad9f17a802ee498c46e004a0eb49bc148f2fd230864601a86dcf6db/python-dateutil-2.9.0.post0.tar.gz", hash = "sha256:37dd54208da7e1cd875388217d5e00ebd4179249f90fb72437e91a35459a0ad3", size = 342432, upload-time = "2024-03-01T18:36:20.211Z" }
wheels = [
    { url = "https://files.pythonhosted.org/packages/ec/57/56b9bcc3c9c6a792fcbaf139543cee77261f3651ca9da0c93f5c1221264b/python_dateutil-2.9.0.post0-py2.py3-none-any.whl", hash = "sha256:a8b2bc7bffae282281c8140a97d3aa9c14da0b136dfe83f850eea9a5f7470427", size = 229892, upload-time = "2024-03-01T18:36:18.57Z" },
]

[[package]]
name = "python-decouple"
version = "3.8"
source = { registry = "https://pypi.org/simple" }
sdist = { url = "https://files.pythonhosted.org/packages/e1/97/373dcd5844ec0ea5893e13c39a2c67e7537987ad8de3842fe078db4582fa/python-decouple-3.8.tar.gz", hash = "sha256:ba6e2657d4f376ecc46f77a3a615e058d93ba5e465c01bbe57289bfb7cce680f", size = 9612, upload-time = "2023-03-01T19:38:38.143Z" }
wheels = [
    { url = "https://files.pythonhosted.org/packages/a2/d4/9193206c4563ec771faf2ccf54815ca7918529fe81f6adb22ee6d0e06622/python_decouple-3.8-py3-none-any.whl", hash = "sha256:d0d45340815b25f4de59c974b855bb38d03151d81b037d9e3f463b0c9f8cbd66", size = 9947, upload-time = "2023-03-01T19:38:36.015Z" },
]

[[package]]
name = "s3transfer"
version = "0.13.0"
source = { registry = "https://pypi.org/simple" }
dependencies = [
    { name = "botocore" },
]
sdist = { url = "https://files.pythonhosted.org/packages/ed/5d/9dcc100abc6711e8247af5aa561fc07c4a046f72f659c3adea9a449e191a/s3transfer-0.13.0.tar.gz", hash = "sha256:f5e6db74eb7776a37208001113ea7aa97695368242b364d73e91c981ac522177", size = 150232, upload-time = "2025-05-22T19:24:50.245Z" }
wheels = [
    { url = "https://files.pythonhosted.org/packages/18/17/22bf8155aa0ea2305eefa3a6402e040df7ebe512d1310165eda1e233c3f8/s3transfer-0.13.0-py3-none-any.whl", hash = "sha256:0148ef34d6dd964d0d8cf4311b2b21c474693e57c2e069ec708ce043d2b527be", size = 85152, upload-time = "2025-05-22T19:24:48.703Z" },
]

[[package]]
name = "script-youtube-s3"
version = "0.1.0"
source = { editable = "." }
dependencies = [
    { name = "boto3" },
    { name = "python-decouple" },
    { name = "yt-dlp" },
]

[package.metadata]
requires-dist = [
    { name = "boto3", specifier = ">=1.39.3" },
    { name = "python-decouple", specifier = ">=3.8" },
    { name = "yt-dlp", specifier = ">=2025.6.30" },
]

[[package]]
name = "six"
version = "1.17.0"
source = { registry = "https://pypi.org/simple" }
sdist = { url = "https://files.pythonhosted.org/packages/94/e7/b2c673351809dca68a0e064b6af791aa332cf192da575fd474ed7d6f16a2/six-1.17.0.tar.gz", hash = "sha256:ff70335d468e7eb6ec65b95b99d3a2836546063f63acc5171de367e834932a81", size = 34031, upload-time = "2024-12-04T17:35:28.174Z" }
wheels = [
    { url = "https://files.pythonhosted.org/packages/b7/ce/149a00dd41f10bc29e5921b496af8b574d8413afcd5e30dfa0ed46c2cc5e/six-1.17.0-py2.py3-none-any.whl", hash = "sha256:4721f391ed90541fddacab5acf947aa0d3dc7d27b2e1e8eda2be8970586c3274", size = 11050, upload-time = "2024-12-04T17:35:26.475Z" },
]

[[package]]
name = "urllib3"
version = "2.5.0"
source = { registry = "https://pypi.org/simple" }
sdist = { url = "https://files.pythonhosted.org/packages/15/22/9ee70a2574a4f4599c47dd506532914ce044817c7752a79b6a51286319bc/urllib3-2.5.0.tar.gz", hash = "sha256:3fc47733c7e419d4bc3f6b3dc2b4f890bb743906a30d56ba4a5bfa4bbff92760", size = 393185, upload-time = "2025-06-18T14:07:41.644Z" }
wheels = [
    { url = "https://files.pythonhosted.org/packages/a7/c2/fe1e52489ae3122415c51f387e221dd0773709bad6c6cdaa599e8a2c5185/urllib3-2.5.0-py3-none-any.whl", hash = "sha256:e6b01673c0fa6a13e374b50871808eb3bf7046c4b125b216f6bf1cc604cff0dc", size = 129795, upload-time = "2025-06-18T14:07:40.39Z" },
]

[[package]]
name = "yt-dlp"
version = "2025.6.30"
source = { registry = "https://pypi.org/simple" }
sdist = { url = "https://files.pythonhosted.org/packages/23/9c/ff64c2fed7909f43a9a0aedb7395c65404e71c2439198764685a6e3b3059/yt_dlp-2025.6.30.tar.gz", hash = "sha256:6d0ae855c0a55bfcc28dffba804ec8525b9b955d34a41191a1561a4cec03d8bd", size = 3034364, upload-time = "2025-06-30T23:58:36.605Z" }
wheels = [
    { url = "https://files.pythonhosted.org/packages/14/41/2f048ae3f6d0fa2e59223f08ba5049dbcdac628b0a9f9deac722dd9260a5/yt_dlp-2025.6.30-py3-none-any.whl", hash = "sha256:541becc29ed7b7b3a08751c0a66da4b7f8ee95cb81066221c78e83598bc3d1f3", size = 3279333, upload-time = "2025-06-30T23:58:34.911Z" },
]
